{
  "name": "playwrightautomation",
  "version": "1.2.0",
  "lockfileVersion": 3,
  "requires": true,
  "packages": {
    "": {
      "name": "playwrightautomation",
      "version": "1.2.0",
      "license": "ISC",
      "devDependencies": {
        "@playwright/test": "^1.45.2",
        "@types/node": "^20.14.11",
        "allure-playwright": "^3.2.0"
      }
    },
    "node_modules/@playwright/test": {
      "version": "1.45.2",
      "resolved": "https://registry.npmjs.org/@playwright/test/-/test-1.45.2.tgz",
      "integrity": "sha512-JxG9eq92ET75EbVi3s+4sYbcG7q72ECeZNbdBlaMkGcNbiDQ4cAi8U2QP5oKkOx+1gpaiL1LDStmzCaEM1Z6fQ==",
      "dev": true,
      "dependencies": {
        "playwright": "1.45.2"
      },
      "bin": {
        "playwright": "cli.js"
      },
      "engines": {
        "node": ">=18"
      }
    },
    "node_modules/@types/node": {
      "version": "20.14.11",
      "resolved": "https://registry.npmjs.org/@types/node/-/node-20.14.11.tgz",
      "integrity": "sha512-kprQpL8MMeszbz6ojB5/tU8PLN4kesnN8Gjzw349rDlNgsSzg90lAVj3llK99Dh7JON+t9AuscPPFW6mPbTnSA==",
      "dev": true,
      "dependencies": {
        "undici-types": "~5.26.4"
      }
    },
    "node_modules/allure-js-commons": {
      "version": "3.2.0",
      "resolved": "https://registry.npmjs.org/allure-js-commons/-/allure-js-commons-3.2.0.tgz",
      "integrity": "sha512-UXRo3D6/XEIMosro+OldWj8phJ65eSOYaAUlThOpl6nJJ0sGngMpJYog+Z9FmZDo1BZn4edwLs4aAUaTgkz4Cg==",
      "dev": true,
      "dependencies": {
        "md5": "^2.3.0"
      },
      "peerDependencies": {
        "allure-playwright": "3.2.0"
      },
      "peerDependenciesMeta": {
        "allure-playwright": {
          "optional": true
        }
      }
    },
    "node_modules/allure-playwright": {
      "version": "3.2.0",
      "resolved": "https://registry.npmjs.org/allure-playwright/-/allure-playwright-3.2.0.tgz",
      "integrity": "sha512-E9YNqFBXrycMaOs4x5/Tsdl4xN8Ss0yw8XnwcVUzezR3cjlPb5gUdR81G/zQsi+I3mb+UQMS21yORHKTI9W2fw==",
      "dev": true,
      "dependencies": {
        "allure-js-commons": "3.2.0"
      },
      "peerDependencies": {
        "@playwright/test": ">=1.36.0"
      }
    },
    "node_modules/charenc": {
      "version": "0.0.2",
      "resolved": "https://registry.npmjs.org/charenc/-/charenc-0.0.2.tgz",
      "integrity": "sha512-yrLQ/yVUFXkzg7EDQsPieE/53+0RlaWTs+wBrvW36cyilJ2SaDWfl4Yj7MtLTXleV9uEKefbAGUPv2/iWSooRA==",
      "dev": true,
      "engines": {
        "node": "*"
      }
    },
    "node_modules/crypt": {
      "version": "0.0.2",
      "resolved": "https://registry.npmjs.org/crypt/-/crypt-0.0.2.tgz",
      "integrity": "sha512-mCxBlsHFYh9C+HVpiEacem8FEBnMXgU9gy4zmNC+SXAZNB/1idgp/aulFJ4FgCi7GPEVbfyng092GqL2k2rmow==",
      "dev": true,
      "engines": {
        "node": "*"
      }
    },
    "node_modules/fsevents": {
      "version": "2.3.2",
      "resolved": "https://registry.npmjs.org/fsevents/-/fsevents-2.3.2.tgz",
      "integrity": "sha512-xiqMQR4xAeHTuB9uWm+fFRcIOgKBMiOBP+eXiyT7jsgVCq1bkVygt00oASowB7EdtpOHaaPgKt812P9ab+DDKA==",
      "dev": true,
      "hasInstallScript": true,
      "optional": true,
      "os": [
        "darwin"
      ],
      "engines": {
        "node": "^8.16.0 || ^10.6.0 || >=11.0.0"
      }
    },
    "node_modules/is-buffer": {
      "version": "1.1.6",
      "resolved": "https://registry.npmjs.org/is-buffer/-/is-buffer-1.1.6.tgz",
      "integrity": "sha512-NcdALwpXkTm5Zvvbk7owOUSvVvBKDgKP5/ewfXEznmQFfs4ZRmanOeKBTjRVjka3QFoN6XJ+9F3USqfHqTaU5w==",
      "dev": true
    },
    "node_modules/md5": {
      "version": "2.3.0",
      "resolved": "https://registry.npmjs.org/md5/-/md5-2.3.0.tgz",
      "integrity": "sha512-T1GITYmFaKuO91vxyoQMFETst+O71VUPEU3ze5GNzDm0OWdP8v1ziTaAEPUr/3kLsY3Sftgz242A1SetQiDL7g==",
      "dev": true,
      "dependencies": {
        "charenc": "0.0.2",
        "crypt": "0.0.2",
        "is-buffer": "~1.1.6"
      }
    },
    "node_modules/playwright": {
      "version": "1.45.2",
      "resolved": "https://registry.npmjs.org/playwright/-/playwright-1.45.2.tgz",
      "integrity": "sha512-ReywF2t/0teRvNBpfIgh5e4wnrI/8Su8ssdo5XsQKpjxJj+jspm00jSoz9BTg91TT0c9HRjXO7LBNVrgYj9X0g==",
      "dev": true,
      "dependencies": {
        "playwright-core": "1.45.2"
      },
      "bin": {
        "playwright": "cli.js"
      },
      "engines": {
        "node": ">=18"
      },
      "optionalDependencies": {
        "fsevents": "2.3.2"
      }
    },
    "node_modules/playwright-core": {
      "version": "1.45.2",
      "resolved": "https://registry.npmjs.org/playwright-core/-/playwright-core-1.45.2.tgz",
      "integrity": "sha512-ha175tAWb0dTK0X4orvBIqi3jGEt701SMxMhyujxNrgd8K0Uy5wMSwwcQHtyB4om7INUkfndx02XnQ2p6dvLDw==",
      "dev": true,
      "bin": {
        "playwright-core": "cli.js"
      },
      "engines": {
        "node": ">=18"
      }
    },
    "node_modules/undici-types": {
      "version": "5.26.5",
      "resolved": "https://registry.npmjs.org/undici-types/-/undici-types-5.26.5.tgz",
      "integrity": "sha512-JlCMO+ehdEIKqlFxk6IfVoAUVmgz7cU7zD/h9XZ0qzeosSHmUJVOzSQvvYSYWXkFXC+IfLKSIffhv0sVZup6pA==",
      "dev": true
    }
  }
}
